
Microsoft Visual Studio Solution File, Format Version 12.00
# Visual Studio Version 17
VisualStudioVersion = 17.8.34309.116
MinimumVisualStudioVersion = 10.0.40219.1
Project("{FAE04EC0-301F-11D3-BF4B-00C04F79EFBC}") = "Business", "Business\Business.csproj", "{AEC492C0-E36B-41DB-B2D7-DCA4DA3AD857}"
EndProject
Project("{FAE04EC0-301F-11D3-BF4B-00C04F79EFBC}") = "Core", "Core\Core.csproj", "{31A7C759-8B18-4BA9-AA08-597E26076E32}"
EndProject
Project("{FAE04EC0-301F-11D3-BF4B-00C04F79EFBC}") = "DataAccess", "DataAccess\DataAccess.csproj", "{8C2E5630-D9AA-4226-A42F-EF7EAFE236BE}"
EndProject
Project("{FAE04EC0-301F-11D3-BF4B-00C04F79EFBC}") = "Entities", "Entities\Entities.csproj", "{B7441914-2044-46D8-B628-810BF7EA2D47}"
EndProject
Project("{FAE04EC0-301F-11D3-BF4B-00C04F79EFBC}") = "WebAPI", "WebAPI\WebAPI.csproj", "{0BF911F0-73AA-4352-A319-1D64734D8A0C}"
EndProject
Global
	GlobalSection(SolutionConfigurationPlatforms) = preSolution
		Debug|Any CPU = Debug|Any CPU
		Release|Any CPU = Release|Any CPU
	EndGlobalSection
	GlobalSection(ProjectConfigurationPlatforms) = postSolution
		{AEC492C0-E36B-41DB-B2D7-DCA4DA3AD857}.Debug|Any CPU.ActiveCfg = Debug|Any CPU
		{AEC492C0-E36B-41DB-B2D7-DCA4DA3AD857}.Debug|Any CPU.Build.0 = Debug|Any CPU
		{AEC492C0-E36B-41DB-B2D7-DCA4DA3AD857}.Release|Any CPU.ActiveCfg = Release|Any CPU
		{AEC492C0-E36B-41DB-B2D7-DCA4DA3AD857}.Release|Any CPU.Build.0 = Release|Any CPU
		{31A7C759-8B18-4BA9-AA08-597E26076E32}.Debug|Any CPU.ActiveCfg = Debug|Any CPU
		{31A7C759-8B18-4BA9-AA08-597E26076E32}.Debug|Any CPU.Build.0 = Debug|Any CPU
		{31A7C759-8B18-4BA9-AA08-597E26076E32}.Release|Any CPU.ActiveCfg = Release|Any CPU
		{31A7C759-8B18-4BA9-AA08-597E26076E32}.Release|Any CPU.Build.0 = Release|Any CPU
		{8C2E5630-D9AA-4226-A42F-EF7EAFE236BE}.Debug|Any CPU.ActiveCfg = Debug|Any CPU
		{8C2E5630-D9AA-4226-A42F-EF7EAFE236BE}.Debug|Any CPU.Build.0 = Debug|Any CPU
		{8C2E5630-D9AA-4226-A42F-EF7EAFE236BE}.Release|Any CPU.ActiveCfg = Release|Any CPU
		{8C2E5630-D9AA-4226-A42F-EF7EAFE236BE}.Release|Any CPU.Build.0 = Release|Any CPU
		{B7441914-2044-46D8-B628-810BF7EA2D47}.Debug|Any CPU.ActiveCfg = Debug|Any CPU
		{B7441914-2044-46D8-B628-810BF7EA2D47}.Debug|Any CPU.Build.0 = Debug|Any CPU
		{B7441914-2044-46D8-B628-810BF7EA2D47}.Release|Any CPU.ActiveCfg = Release|Any CPU
		{B7441914-2044-46D8-B628-810BF7EA2D47}.Release|Any CPU.Build.0 = Release|Any CPU
		{0BF911F0-73AA-4352-A319-1D64734D8A0C}.Debug|Any CPU.ActiveCfg = Debug|Any CPU
		{0BF911F0-73AA-4352-A319-1D64734D8A0C}.Debug|Any CPU.Build.0 = Debug|Any CPU
		{0BF911F0-73AA-4352-A319-1D64734D8A0C}.Release|Any CPU.ActiveCfg = Release|Any CPU
		{0BF911F0-73AA-4352-A319-1D64734D8A0C}.Release|Any CPU.Build.0 = Release|Any CPU
	EndGlobalSection
	GlobalSection(SolutionProperties) = preSolution
		HideSolutionNode = FALSE
	EndGlobalSection
	GlobalSection(ExtensibilityGlobals) = postSolution
		SolutionGuid = {0760A80F-A888-4478-87C5-FAF701D98A5B}
	EndGlobalSection
EndGlobal
